// !$*UTF8*$!
{
	archiveVersion = 1;
	classes = {
	};
	objectVersion = 46;
	objects = {

/* Begin PBXBuildFile section */
		8C0E2B9A1F34FE1B001105BB /* RegisterViewController.swift in Sources */ = {isa = PBXBuildFile; fileRef = 8C0E2B991F34FE1B001105BB /* RegisterViewController.swift */; };
		8C0E2B9C1F34FE34001105BB /* RegisterViewControllerLayer.swift in Sources */ = {isa = PBXBuildFile; fileRef = 8C0E2B9B1F34FE34001105BB /* RegisterViewControllerLayer.swift */; };
		8C2F85B01F320A4C0019DA84 /* Timer.swift in Sources */ = {isa = PBXBuildFile; fileRef = 8C2F85AF1F320A4C0019DA84 /* Timer.swift */; };
		8C466AE41F37B1D1005E5F70 /* CustomButton.swift in Sources */ = {isa = PBXBuildFile; fileRef = 8C466AE31F37B1D1005E5F70 /* CustomButton.swift */; };
		8C4A9ACB1F33B874007D112B /* LoginViewController.swift in Sources */ = {isa = PBXBuildFile; fileRef = 8C4A9ACA1F33B874007D112B /* LoginViewController.swift */; };
		8CAC02181F35D02C00642EB4 /* GoogleService-Info.plist in Resources */ = {isa = PBXBuildFile; fileRef = 8CAC02171F35D02C00642EB4 /* GoogleService-Info.plist */; };
		8CAE54CB1F2FDD4800CA56C8 /* AppDelegate.swift in Sources */ = {isa = PBXBuildFile; fileRef = 8CAE54CA1F2FDD4800CA56C8 /* AppDelegate.swift */; };
		8CAE54CD1F2FDD4800CA56C8 /* ViewController.swift in Sources */ = {isa = PBXBuildFile; fileRef = 8CAE54CC1F2FDD4800CA56C8 /* ViewController.swift */; };
		8CAE54D21F2FDD4800CA56C8 /* Assets.xcassets in Resources */ = {isa = PBXBuildFile; fileRef = 8CAE54D11F2FDD4800CA56C8 /* Assets.xcassets */; };
		8CAE54D51F2FDD4800CA56C8 /* LaunchScreen.storyboard in Resources */ = {isa = PBXBuildFile; fileRef = 8CAE54D31F2FDD4800CA56C8 /* LaunchScreen.storyboard */; };
		8CAE54E11F2FE61600CA56C8 /* ViewControllerLayer.swift in Sources */ = {isa = PBXBuildFile; fileRef = 8CAE54E01F2FE61600CA56C8 /* ViewControllerLayer.swift */; };
		8CB35A9F1F30BE980048C3A8 /* GameViewControllerLayer.swift in Sources */ = {isa = PBXBuildFile; fileRef = 8CB35A9E1F30BE980048C3A8 /* GameViewControllerLayer.swift */; };
		8CB697421F314478000A0462 /* Card.swift in Sources */ = {isa = PBXBuildFile; fileRef = 8CB697411F314478000A0462 /* Card.swift */; };
		8CD979551F30792000190CB2 /* GameViewController.swift in Sources */ = {isa = PBXBuildFile; fileRef = 8CD979541F30792000190CB2 /* GameViewController.swift */; };
		8CDC5A161F33C27100164C83 /* LoginViewControllerLayer.swift in Sources */ = {isa = PBXBuildFile; fileRef = 8CDC5A151F33C27100164C83 /* LoginViewControllerLayer.swift */; };
		D38ABDFCEE87B64EF9816B06 /* Pods_BlackJack.framework in Frameworks */ = {isa = PBXBuildFile; fileRef = 2E18A7C2EAE91D1AB4D08AC5 /* Pods_BlackJack.framework */; };
/* End PBXBuildFile section */

/* Begin PBXFileReference section */
		2E18A7C2EAE91D1AB4D08AC5 /* Pods_BlackJack.framework */ = {isa = PBXFileReference; explicitFileType = wrapper.framework; includeInIndex = 0; path = Pods_BlackJack.framework; sourceTree = BUILT_PRODUCTS_DIR; };
		53C4E6301EF11FCAA6E72B8A /* Pods-BlackJack.release.xcconfig */ = {isa = PBXFileReference; includeInIndex = 1; lastKnownFileType = text.xcconfig; name = "Pods-BlackJack.release.xcconfig"; path = "Pods/Target Support Files/Pods-BlackJack/Pods-BlackJack.release.xcconfig"; sourceTree = "<group>"; };
		8303081B1A1C919E1932A306 /* Pods-BlackJack.debug.xcconfig */ = {isa = PBXFileReference; includeInIndex = 1; lastKnownFileType = text.xcconfig; name = "Pods-BlackJack.debug.xcconfig"; path = "Pods/Target Support Files/Pods-BlackJack/Pods-BlackJack.debug.xcconfig"; sourceTree = "<group>"; };
		8C0E2B991F34FE1B001105BB /* RegisterViewController.swift */ = {isa = PBXFileReference; fileEncoding = 4; lastKnownFileType = sourcecode.swift; path = RegisterViewController.swift; sourceTree = "<group>"; };
		8C0E2B9B1F34FE34001105BB /* RegisterViewControllerLayer.swift */ = {isa = PBXFileReference; fileEncoding = 4; lastKnownFileType = sourcecode.swift; path = RegisterViewControllerLayer.swift; sourceTree = "<group>"; };
		8C2F85AF1F320A4C0019DA84 /* Timer.swift */ = {isa = PBXFileReference; fileEncoding = 4; lastKnownFileType = sourcecode.swift; path = Timer.swift; sourceTree = "<group>"; };
		8C466AE31F37B1D1005E5F70 /* CustomButton.swift */ = {isa = PBXFileReference; fileEncoding = 4; lastKnownFileType = sourcecode.swift; path = CustomButton.swift; sourceTree = "<group>"; };
		8C4A9ACA1F33B874007D112B /* LoginViewController.swift */ = {isa = PBXFileReference; fileEncoding = 4; lastKnownFileType = sourcecode.swift; path = LoginViewController.swift; sourceTree = "<group>"; };
		8CAC02171F35D02C00642EB4 /* GoogleService-Info.plist */ = {isa = PBXFileReference; fileEncoding = 4; lastKnownFileType = text.plist.xml; path = "GoogleService-Info.plist"; sourceTree = "<group>"; };
		8CAE54C71F2FDD4800CA56C8 /* BlackJack.app */ = {isa = PBXFileReference; explicitFileType = wrapper.application; includeInIndex = 0; path = BlackJack.app; sourceTree = BUILT_PRODUCTS_DIR; };
		8CAE54CA1F2FDD4800CA56C8 /* AppDelegate.swift */ = {isa = PBXFileReference; lastKnownFileType = sourcecode.swift; path = AppDelegate.swift; sourceTree = "<group>"; };
		8CAE54CC1F2FDD4800CA56C8 /* ViewController.swift */ = {isa = PBXFileReference; lastKnownFileType = sourcecode.swift; path = ViewController.swift; sourceTree = "<group>"; };
		8CAE54D11F2FDD4800CA56C8 /* Assets.xcassets */ = {isa = PBXFileReference; lastKnownFileType = folder.assetcatalog; path = Assets.xcassets; sourceTree = "<group>"; };
		8CAE54D41F2FDD4800CA56C8 /* Base */ = {isa = PBXFileReference; lastKnownFileType = file.storyboard; name = Base; path = Base.lproj/LaunchScreen.storyboard; sourceTree = "<group>"; };
		8CAE54D61F2FDD4800CA56C8 /* Info.plist */ = {isa = PBXFileReference; lastKnownFileType = text.plist.xml; path = Info.plist; sourceTree = "<group>"; };
		8CAE54E01F2FE61600CA56C8 /* ViewControllerLayer.swift */ = {isa = PBXFileReference; fileEncoding = 4; lastKnownFileType = sourcecode.swift; path = ViewControllerLayer.swift; sourceTree = "<group>"; };
		8CB35A9E1F30BE980048C3A8 /* GameViewControllerLayer.swift */ = {isa = PBXFileReference; fileEncoding = 4; lastKnownFileType = sourcecode.swift; path = GameViewControllerLayer.swift; sourceTree = "<group>"; };
		8CB697411F314478000A0462 /* Card.swift */ = {isa = PBXFileReference; fileEncoding = 4; lastKnownFileType = sourcecode.swift; path = Card.swift; sourceTree = "<group>"; };
		8CD979541F30792000190CB2 /* GameViewController.swift */ = {isa = PBXFileReference; fileEncoding = 4; lastKnownFileType = sourcecode.swift; path = GameViewController.swift; sourceTree = "<group>"; };
		8CDC5A151F33C27100164C83 /* LoginViewControllerLayer.swift */ = {isa = PBXFileReference; fileEncoding = 4; lastKnownFileType = sourcecode.swift; path = LoginViewControllerLayer.swift; sourceTree = "<group>"; };
/* End PBXFileReference section */

/* Begin PBXFrameworksBuildPhase section */
		8CAE54C41F2FDD4800CA56C8 /* Frameworks */ = {
			isa = PBXFrameworksBuildPhase;
			buildActionMask = 2147483647;
			files = (
				D38ABDFCEE87B64EF9816B06 /* Pods_BlackJack.framework in Frameworks */,
			);
			runOnlyForDeploymentPostprocessing = 0;
		};
/* End PBXFrameworksBuildPhase section */

/* Begin PBXGroup section */
		5B57F48B8DB6701DE736A737 /* Pods */ = {
			isa = PBXGroup;
			children = (
				8303081B1A1C919E1932A306 /* Pods-BlackJack.debug.xcconfig */,
				53C4E6301EF11FCAA6E72B8A /* Pods-BlackJack.release.xcconfig */,
			);
			name = Pods;
			sourceTree = "<group>";
		};
		8CAE54BE1F2FDD4800CA56C8 = {
			isa = PBXGroup;
			children = (
				8CAE54C91F2FDD4800CA56C8 /* BlackJack */,
				8CAE54C81F2FDD4800CA56C8 /* Products */,
				5B57F48B8DB6701DE736A737 /* Pods */,
				C045A0BABD6D1B6E28767A08 /* Frameworks */,
			);
			sourceTree = "<group>";
		};
		8CAE54C81F2FDD4800CA56C8 /* Products */ = {
			isa = PBXGroup;
			children = (
				8CAE54C71F2FDD4800CA56C8 /* BlackJack.app */,
			);
			name = Products;
			sourceTree = "<group>";
		};
		8CAE54C91F2FDD4800CA56C8 /* BlackJack */ = {
			isa = PBXGroup;
			children = (
				8CB697401F31445D000A0462 /* Models */,
				8CD979531F3078F100190CB2 /* ViewControllers */,
				8CAE54DC1F2FE53A00CA56C8 /* extensions */,
				8CAE54CA1F2FDD4800CA56C8 /* AppDelegate.swift */,
				8CAC02171F35D02C00642EB4 /* GoogleService-Info.plist */,
				8CAE54D11F2FDD4800CA56C8 /* Assets.xcassets */,
				8CAE54D31F2FDD4800CA56C8 /* LaunchScreen.storyboard */,
				8CAE54D61F2FDD4800CA56C8 /* Info.plist */,
			);
			path = BlackJack;
			sourceTree = "<group>";
		};
		8CAE54DC1F2FE53A00CA56C8 /* extensions */ = {
			isa = PBXGroup;
			children = (
				8CAE54DF1F2FE5FC00CA56C8 /* layers */,
			);
			name = extensions;
			sourceTree = "<group>";
		};
		8CAE54DF1F2FE5FC00CA56C8 /* layers */ = {
			isa = PBXGroup;
			children = (
				8CAE54E01F2FE61600CA56C8 /* ViewControllerLayer.swift */,
				8CB35A9E1F30BE980048C3A8 /* GameViewControllerLayer.swift */,
				8CDC5A151F33C27100164C83 /* LoginViewControllerLayer.swift */,
				8C0E2B9B1F34FE34001105BB /* RegisterViewControllerLayer.swift */,
			);
			name = layers;
			sourceTree = "<group>";
		};
		8CB697401F31445D000A0462 /* Models */ = {
			isa = PBXGroup;
			children = (
				8CB697411F314478000A0462 /* Card.swift */,
				8C2F85AF1F320A4C0019DA84 /* Timer.swift */,
				8C466AE31F37B1D1005E5F70 /* CustomButton.swift */,
			);
			name = Models;
			sourceTree = "<group>";
		};
		8CD979531F3078F100190CB2 /* ViewControllers */ = {
			isa = PBXGroup;
			children = (
				8CAE54CC1F2FDD4800CA56C8 /* ViewController.swift */,
				8CD979541F30792000190CB2 /* GameViewController.swift */,
				8C4A9ACA1F33B874007D112B /* LoginViewController.swift */,
				8C0E2B991F34FE1B001105BB /* RegisterViewController.swift */,
			);
			name = ViewControllers;
			sourceTree = "<group>";
		};
		C045A0BABD6D1B6E28767A08 /* Frameworks */ = {
			isa = PBXGroup;
			children = (
				2E18A7C2EAE91D1AB4D08AC5 /* Pods_BlackJack.framework */,
			);
			name = Frameworks;
			sourceTree = "<group>";
		};
/* End PBXGroup section */

/* Begin PBXNativeTarget section */
		8CAE54C61F2FDD4800CA56C8 /* BlackJack */ = {
			isa = PBXNativeTarget;
			buildConfigurationList = 8CAE54D91F2FDD4800CA56C8 /* Build configuration list for PBXNativeTarget "BlackJack" */;
			buildPhases = (
				44040C15CBA6944357155D79 /* [CP] Check Pods Manifest.lock */,
				8CAE54C31F2FDD4800CA56C8 /* Sources */,
				8CAE54C41F2FDD4800CA56C8 /* Frameworks */,
				8CAE54C51F2FDD4800CA56C8 /* Resources */,
				051335EFC3BC926917E79489 /* [CP] Embed Pods Frameworks */,
				995591CD1DE66550636BBE4D /* [CP] Copy Pods Resources */,
			);
			buildRules = (
			);
			dependencies = (
			);
			name = BlackJack;
			productName = BlackJack;
			productReference = 8CAE54C71F2FDD4800CA56C8 /* BlackJack.app */;
			productType = "com.apple.product-type.application";
		};
/* End PBXNativeTarget section */

/* Begin PBXProject section */
		8CAE54BF1F2FDD4800CA56C8 /* Project object */ = {
			isa = PBXProject;
			attributes = {
				LastSwiftUpdateCheck = 0830;
				LastUpgradeCheck = 0830;
				ORGANIZATIONNAME = "Kuba Pilch";
				TargetAttributes = {
					8CAE54C61F2FDD4800CA56C8 = {
						CreatedOnToolsVersion = 8.3.3;
						DevelopmentTeam = RGQ23NE93V;
						ProvisioningStyle = Automatic;
					};
				};
			};
			buildConfigurationList = 8CAE54C21F2FDD4800CA56C8 /* Build configuration list for PBXProject "BlackJack" */;
			compatibilityVersion = "Xcode 3.2";
			developmentRegion = English;
			hasScannedForEncodings = 0;
			knownRegions = (
				en,
				Base,
			);
			mainGroup = 8CAE54BE1F2FDD4800CA56C8;
			productRefGroup = 8CAE54C81F2FDD4800CA56C8 /* Products */;
			projectDirPath = "";
			projectRoot = "";
			targets = (
				8CAE54C61F2FDD4800CA56C8 /* BlackJack */,
			);
		};
/* End PBXProject section */

/* Begin PBXResourcesBuildPhase section */
		8CAE54C51F2FDD4800CA56C8 /* Resources */ = {
			isa = PBXResourcesBuildPhase;
			buildActionMask = 2147483647;
			files = (
				8CAE54D51F2FDD4800CA56C8 /* LaunchScreen.storyboard in Resources */,
				8CAE54D21F2FDD4800CA56C8 /* Assets.xcassets in Resources */,
				8CAC02181F35D02C00642EB4 /* GoogleService-Info.plist in Resources */,
			);
			runOnlyForDeploymentPostprocessing = 0;
		};
/* End PBXResourcesBuildPhase section */

/* Begin PBXShellScriptBuildPhase section */
		051335EFC3BC926917E79489 /* [CP] Embed Pods Frameworks */ = {
			isa = PBXShellScriptBuildPhase;
			buildActionMask = 2147483647;
			files = (
			);
			inputPaths = (
			);
			name = "[CP] Embed Pods Frameworks";
			outputPaths = (
			);
			runOnlyForDeploymentPostprocessing = 0;
			shellPath = /bin/sh;
			shellScript = "\"${SRCROOT}/Pods/Target Support Files/Pods-BlackJack/Pods-BlackJack-frameworks.sh\"\n";
			showEnvVarsInLog = 0;
		};
		44040C15CBA6944357155D79 /* [CP] Check Pods Manifest.lock */ = {
			isa = PBXShellScriptBuildPhase;
			buildActionMask = 2147483647;
			files = (
			);
			inputPaths = (
			);
			name = "[CP] Check Pods Manifest.lock";
			outputPaths = (
			);
			runOnlyForDeploymentPostprocessing = 0;
			shellPath = /bin/sh;
			shellScript = "diff \"${PODS_PODFILE_DIR_PATH}/Podfile.lock\" \"${PODS_ROOT}/Manifest.lock\" > /dev/null\nif [ $? != 0 ] ; then\n    # print error to STDERR\n    echo \"error: The sandbox is not in sync with the Podfile.lock. Run 'pod install' or update your CocoaPods installation.\" >&2\n    exit 1\nfi\n";
			showEnvVarsInLog = 0;
		};
		995591CD1DE66550636BBE4D /* [CP] Copy Pods Resources */ = {
			isa = PBXShellScriptBuildPhase;
			buildActionMask = 2147483647;
			files = (
			);
			inputPaths = (
			);
			name = "[CP] Copy Pods Resources";
			outputPaths = (
			);
			runOnlyForDeploymentPostprocessing = 0;
			shellPath = /bin/sh;
			shellScript = "\"${SRCROOT}/Pods/Target Support Files/Pods-BlackJack/Pods-BlackJack-resources.sh\"\n";
			showEnvVarsInLog = 0;
		};
/* End PBXShellScriptBuildPhase section */

/* Begin PBXSourcesBuildPhase section */
		8CAE54C31F2FDD4800CA56C8 /* Sources */ = {
			isa = PBXSourcesBuildPhase;
			buildActionMask = 2147483647;
			files = (
				8CB35A9F1F30BE980048C3A8 /* GameViewControllerLayer.swift in Sources */,
				8C0E2B9C1F34FE34001105BB /* RegisterViewControllerLayer.swift in Sources */,
				8C0E2B9A1F34FE1B001105BB /* RegisterViewController.swift in Sources */,
				8CB697421F314478000A0462 /* Card.swift in Sources */,
				8C2F85B01F320A4C0019DA84 /* Timer.swift in Sources */,
				8CD979551F30792000190CB2 /* GameViewController.swift in Sources */,
				8C4A9ACB1F33B874007D112B /* LoginViewController.swift in Sources */,
				8CAE54CD1F2FDD4800CA56C8 /* ViewController.swift in Sources */,
				8C466AE41F37B1D1005E5F70 /* CustomButton.swift in Sources */,
				8CAE54CB1F2FDD4800CA56C8 /* AppDelegate.swift in Sources */,
				8CDC5A161F33C27100164C83 /* LoginViewControllerLayer.swift in Sources */,
				8CAE54E11F2FE61600CA56C8 /* ViewControllerLayer.swift in Sources */,
			);
			runOnlyForDeploymentPostprocessing = 0;
		};
/* End PBXSourcesBuildPhase section */

/* Begin PBXVariantGroup section */
		8CAE54D31F2FDD4800CA56C8 /* LaunchScreen.storyboard */ = {
			isa = PBXVariantGroup;
			children = (
				8CAE54D41F2FDD4800CA56C8 /* Base */,
			);
			name = LaunchScreen.storyboard;
			sourceTree = "<group>";
		};
/* End PBXVariantGroup section */

/* Begin XCBuildConfiguration section */
		8CAE54D71F2FDD4800CA56C8 /* Debug */ = {
			isa = XCBuildConfiguration;
			buildSettings = {
				ALWAYS_SEARCH_USER_PATHS = NO;
				CLANG_ANALYZER_NONNULL = YES;
				CLANG_ANALYZER_NUMBER_OBJECT_CONVERSION = YES_AGGRESSIVE;
				CLANG_CXX_LANGUAGE_STANDARD = "gnu++0x";
				CLANG_CXX_LIBRARY = "libc++";
				CLANG_ENABLE_MODULES = YES;
				CLANG_ENABLE_OBJC_ARC = YES;
				CLANG_WARN_BOOL_CONVERSION = YES;
				CLANG_WARN_CONSTANT_CONVERSION = YES;
				CLANG_WARN_DIRECT_OBJC_ISA_USAGE = YES_ERROR;
				CLANG_WARN_DOCUMENTATION_COMMENTS = YES;
				CLANG_WARN_EMPTY_BODY = YES;
				CLANG_WARN_ENUM_CONVERSION = YES;
				CLANG_WARN_INFINITE_RECURSION = YES;
				CLANG_WARN_INT_CONVERSION = YES;
				CLANG_WARN_OBJC_ROOT_CLASS = YES_ERROR;
				CLANG_WARN_SUSPICIOUS_MOVE = YES;
				CLANG_WARN_UNREACHABLE_CODE = YES;
				CLANG_WARN__DUPLICATE_METHOD_MATCH = YES;
				"CODE_SIGN_IDENTITY[sdk=iphoneos*]" = "iPhone Developer";
				COPY_PHASE_STRIP = NO;
				DEBUG_INFORMATION_FORMAT = dwarf;
				ENABLE_STRICT_OBJC_MSGSEND = YES;
				ENABLE_TESTABILITY = YES;
				GCC_C_LANGUAGE_STANDARD = gnu99;
				GCC_DYNAMIC_NO_PIC = NO;
				GCC_NO_COMMON_BLOCKS = YES;
				GCC_OPTIMIZATION_LEVEL = 0;
				GCC_PREPROCESSOR_DEFINITIONS = (
					"DEBUG=1",
					"$(inherited)",
				);
				GCC_WARN_64_TO_32_BIT_CONVERSION = YES;
				GCC_WARN_ABOUT_RETURN_TYPE = YES_ERROR;
				GCC_WARN_UNDECLARED_SELECTOR = YES;
				GCC_WARN_UNINITIALIZED_AUTOS = YES_AGGRESSIVE;
				GCC_WARN_UNUSED_FUNCTION = YES;
				GCC_WARN_UNUSED_VARIABLE = YES;
				IPHONEOS_DEPLOYMENT_TARGET = 10.3;
				MTL_ENABLE_DEBUG_INFO = YES;
				ONLY_ACTIVE_ARCH = YES;
				SDKROOT = iphoneos;
				SWIFT_ACTIVE_COMPILATION_CONDITIONS = DEBUG;
				SWIFT_OPTIMIZATION_LEVEL = "-Onone";
			};
			name = Debug;
		};
		8CAE54D81F2FDD4800CA56C8 /* Release */ = {
			isa = XCBuildConfiguration;
			buildSettings = {
				ALWAYS_SEARCH_USER_PATHS = NO;
				CLANG_ANALYZER_NONNULL = YES;
				CLANG_ANALYZER_NUMBER_OBJECT_CONVERSION = YES_AGGRESSIVE;
				CLANG_CXX_LANGUAGE_STANDARD = "gnu++0x";
				CLANG_CXX_LIBRARY = "libc++";
				CLANG_ENABLE_MODULES = YES;
				CLANG_ENABLE_OBJC_ARC = YES;
				CLANG_WARN_BOOL_CONVERSION = YES;
				CLANG_WARN_CONSTANT_CONVERSION = YES;
				CLANG_WARN_DIRECT_OBJC_ISA_USAGE = YES_ERROR;
				CLANG_WARN_DOCUMENTATION_COMMENTS = YES;
				CLANG_WARN_EMPTY_BODY = YES;
				CLANG_WARN_ENUM_CONVERSION = YES;
				CLANG_WARN_INFINITE_RECURSION = YES;
				CLANG_WARN_INT_CONVERSION = YES;
				CLANG_WARN_OBJC_ROOT_CLASS = YES_ERROR;
				CLANG_WARN_SUSPICIOUS_MOVE = YES;
				CLANG_WARN_UNREACHABLE_CODE = YES;
				CLANG_WARN__DUPLICATE_METHOD_MATCH = YES;
				"CODE_SIGN_IDENTITY[sdk=iphoneos*]" = "iPhone Developer";
				COPY_PHASE_STRIP = NO;
				DEBUG_INFORMATION_FORMAT = "dwarf-with-dsym";
				ENABLE_NS_ASSERTIONS = NO;
				ENABLE_STRICT_OBJC_MSGSEND = YES;
				GCC_C_LANGUAGE_STANDARD = gnu99;
				GCC_NO_COMMON_BLOCKS = YES;
				GCC_WARN_64_TO_32_BIT_CONVERSION = YES;
				GCC_WARN_ABOUT_RETURN_TYPE = YES_ERROR;
				GCC_WARN_UNDECLARED_SELECTOR = YES;
				GCC_WARN_UNINITIALIZED_AUTOS = YES_AGGRESSIVE;
				GCC_WARN_UNUSED_FUNCTION = YES;
				GCC_WARN_UNUSED_VARIABLE = YES;
				IPHONEOS_DEPLOYMENT_TARGET = 10.3;
				MTL_ENABLE_DEBUG_INFO = NO;
				SDKROOT = iphoneos;
				SWIFT_OPTIMIZATION_LEVEL = "-Owholemodule";
				VALIDATE_PRODUCT = YES;
			};
			name = Release;
		};
		8CAE54DA1F2FDD4800CA56C8 /* Debug */ = {
			isa = XCBuildConfiguration;
			baseConfigurationReference = 8303081B1A1C919E1932A306 /* Pods-BlackJack.debug.xcconfig */;
			buildSettings = {
				ASSETCATALOG_COMPILER_APPICON_NAME = AppIcon;
				DEVELOPMENT_TEAM = RGQ23NE93V;
				INFOPLIST_FILE = BlackJack/Info.plist;
				LD_RUNPATH_SEARCH_PATHS = "$(inherited) @executable_path/Frameworks";
				PRODUCT_BUNDLE_IDENTIFIER = JakubPilch.BlackJack;
				PRODUCT_NAME = "$(TARGET_NAME)";
				SWIFT_VERSION = 3.0;
			};
			name = Debug;
		};
		8CAE54DB1F2FDD4800CA56C8 /* Release */ = {
			isa = XCBuildConfiguration;
			baseConfigurationReference = 53C4E6301EF11FCAA6E72B8A /* Pods-BlackJack.release.xcconfig */;
			buildSettings = {
				ASSETCATALOG_COMPILER_APPICON_NAME = AppIcon;
				DEVELOPMENT_TEAM = RGQ23NE93V;
				INFOPLIST_FILE = BlackJack/Info.plist;
				LD_RUNPATH_SEARCH_PATHS = "$(inherited) @executable_path/Frameworks";
				PRODUCT_BUNDLE_IDENTIFIER = JakubPilch.BlackJack;
				PRODUCT_NAME = "$(TARGET_NAME)";
				SWIFT_VERSION = 3.0;
			};
			name = Release;
		};
/* End XCBuildConfiguration section */

/* Begin XCConfigurationList section */
		8CAE54C21F2FDD4800CA56C8 /* Build configuration list for PBXProject "BlackJack" */ = {
			isa = XCConfigurationList;
			buildConfigurations = (
				8CAE54D71F2FDD4800CA56C8 /* Debug */,
				8CAE54D81F2FDD4800CA56C8 /* Release */,
			);
			defaultConfigurationIsVisible = 0;
			defaultConfigurationName = Release;
		};
		8CAE54D91F2FDD4800CA56C8 /* Build configuration list for PBXNativeTarget "BlackJack" */ = {
			isa = XCConfigurationList;
			buildConfigurations = (
				8CAE54DA1F2FDD4800CA56C8 /* Debug */,
				8CAE54DB1F2FDD4800CA56C8 /* Release */,
			);
			defaultConfigurationIsVisible = 0;
			defaultConfigurationName = Release;
		};
/* End XCConfigurationList section */
	};
	rootObject = 8CAE54BF1F2FDD4800CA56C8 /* Project object */;
}
